// !$*UTF8*$!
{
	archiveVersion = 1;
	classes = {
	};
	objectVersion = 48;
	objects = {

/* Begin PBXBuildFile section */
		4DF5DBCC5CD77DE1C7667A90 /* Pods_RxGugudan.framework in Frameworks */ = {isa = PBXBuildFile; fileRef = B2757A933F912B9A0377D1CC /* Pods_RxGugudan.framework */; };
		D7697A2B1FCEBE70007F5B5D /* AppDelegate.swift in Sources */ = {isa = PBXBuildFile; fileRef = D7697A2A1FCEBE70007F5B5D /* AppDelegate.swift */; };
		D7697A2D1FCEBE70007F5B5D /* ViewController.swift in Sources */ = {isa = PBXBuildFile; fileRef = D7697A2C1FCEBE70007F5B5D /* ViewController.swift */; };
		D7697A301FCEBE70007F5B5D /* Main.storyboard in Resources */ = {isa = PBXBuildFile; fileRef = D7697A2E1FCEBE70007F5B5D /* Main.storyboard */; };
		D7697A321FCEBE70007F5B5D /* Assets.xcassets in Resources */ = {isa = PBXBuildFile; fileRef = D7697A311FCEBE70007F5B5D /* Assets.xcassets */; };
		D7697A351FCEBE70007F5B5D /* LaunchScreen.storyboard in Resources */ = {isa = PBXBuildFile; fileRef = D7697A331FCEBE70007F5B5D /* LaunchScreen.storyboard */; };
/* End PBXBuildFile section */

/* Begin PBXFileReference section */
		650F227DF5A561594B8ECC8D /* Pods-RxGugudan.release.xcconfig */ = {isa = PBXFileReference; includeInIndex = 1; lastKnownFileType = text.xcconfig; name = "Pods-RxGugudan.release.xcconfig"; path = "Pods/Target Support Files/Pods-RxGugudan/Pods-RxGugudan.release.xcconfig"; sourceTree = "<group>"; };
		A001B24A0104A77AFAAB94CE /* Pods-RxGugudan.debug.xcconfig */ = {isa = PBXFileReference; includeInIndex = 1; lastKnownFileType = text.xcconfig; name = "Pods-RxGugudan.debug.xcconfig"; path = "Pods/Target Support Files/Pods-RxGugudan/Pods-RxGugudan.debug.xcconfig"; sourceTree = "<group>"; };
		B2757A933F912B9A0377D1CC /* Pods_RxGugudan.framework */ = {isa = PBXFileReference; explicitFileType = wrapper.framework; includeInIndex = 0; path = Pods_RxGugudan.framework; sourceTree = BUILT_PRODUCTS_DIR; };
		D7697A271FCEBE70007F5B5D /* RxGugudan.app */ = {isa = PBXFileReference; explicitFileType = wrapper.application; includeInIndex = 0; path = RxGugudan.app; sourceTree = BUILT_PRODUCTS_DIR; };
		D7697A2A1FCEBE70007F5B5D /* AppDelegate.swift */ = {isa = PBXFileReference; lastKnownFileType = sourcecode.swift; path = AppDelegate.swift; sourceTree = "<group>"; };
		D7697A2C1FCEBE70007F5B5D /* ViewController.swift */ = {isa = PBXFileReference; lastKnownFileType = sourcecode.swift; path = ViewController.swift; sourceTree = "<group>"; };
		D7697A2F1FCEBE70007F5B5D /* Base */ = {isa = PBXFileReference; lastKnownFileType = file.storyboard; name = Base; path = Base.lproj/Main.storyboard; sourceTree = "<group>"; };
		D7697A311FCEBE70007F5B5D /* Assets.xcassets */ = {isa = PBXFileReference; lastKnownFileType = folder.assetcatalog; path = Assets.xcassets; sourceTree = "<group>"; };
		D7697A341FCEBE70007F5B5D /* Base */ = {isa = PBXFileReference; lastKnownFileType = file.storyboard; name = Base; path = Base.lproj/LaunchScreen.storyboard; sourceTree = "<group>"; };
		D7697A361FCEBE70007F5B5D /* Info.plist */ = {isa = PBXFileReference; lastKnownFileType = text.plist.xml; path = Info.plist; sourceTree = "<group>"; };
/* End PBXFileReference section */

/* Begin PBXFrameworksBuildPhase section */
		D7697A241FCEBE70007F5B5D /* Frameworks */ = {
			isa = PBXFrameworksBuildPhase;
			buildActionMask = 2147483647;
			files = (
				4DF5DBCC5CD77DE1C7667A90 /* Pods_RxGugudan.framework in Frameworks */,
			);
			runOnlyForDeploymentPostprocessing = 0;
		};
/* End PBXFrameworksBuildPhase section */

/* Begin PBXGroup section */
		119F69B078F5CED03FC4896E /* Frameworks */ = {
			isa = PBXGroup;
			children = (
				B2757A933F912B9A0377D1CC /* Pods_RxGugudan.framework */,
			);
			name = Frameworks;
			sourceTree = "<group>";
		};
		AC3F410E1ED348810171B8D4 /* Pods */ = {
			isa = PBXGroup;
			children = (
				A001B24A0104A77AFAAB94CE /* Pods-RxGugudan.debug.xcconfig */,
				650F227DF5A561594B8ECC8D /* Pods-RxGugudan.release.xcconfig */,
			);
			name = Pods;
			sourceTree = "<group>";
		};
		D7697A1E1FCEBE6F007F5B5D = {
			isa = PBXGroup;
			children = (
				D7697A291FCEBE70007F5B5D /* RxGugudan */,
				D7697A281FCEBE70007F5B5D /* Products */,
				AC3F410E1ED348810171B8D4 /* Pods */,
				119F69B078F5CED03FC4896E /* Frameworks */,
			);
			sourceTree = "<group>";
		};
		D7697A281FCEBE70007F5B5D /* Products */ = {
			isa = PBXGroup;
			children = (
				D7697A271FCEBE70007F5B5D /* RxGugudan.app */,
			);
			name = Products;
			sourceTree = "<group>";
		};
		D7697A291FCEBE70007F5B5D /* RxGugudan */ = {
			isa = PBXGroup;
			children = (
				D7697A2A1FCEBE70007F5B5D /* AppDelegate.swift */,
				D7697A2C1FCEBE70007F5B5D /* ViewController.swift */,
				D7697A2E1FCEBE70007F5B5D /* Main.storyboard */,
				D7697A311FCEBE70007F5B5D /* Assets.xcassets */,
				D7697A331FCEBE70007F5B5D /* LaunchScreen.storyboard */,
				D7697A361FCEBE70007F5B5D /* Info.plist */,
			);
			path = RxGugudan;
			sourceTree = "<group>";
		};
/* End PBXGroup section */

/* Begin PBXNativeTarget section */
		D7697A261FCEBE70007F5B5D /* RxGugudan */ = {
			isa = PBXNativeTarget;
			buildConfigurationList = D7697A391FCEBE70007F5B5D /* Build configuration list for PBXNativeTarget "RxGugudan" */;
			buildPhases = (
				4C76E8D751D6A601F18E163B /* [CP] Check Pods Manifest.lock */,
				D7697A231FCEBE70007F5B5D /* Sources */,
				D7697A241FCEBE70007F5B5D /* Frameworks */,
				D7697A251FCEBE70007F5B5D /* Resources */,
				B58784F6B6359626AEE560D1 /* [CP] Embed Pods Frameworks */,
				50B43059DFF50549BB898EA9 /* [CP] Copy Pods Resources */,
			);
			buildRules = (
			);
			dependencies = (
			);
			name = RxGugudan;
			productName = RxGugudan;
			productReference = D7697A271FCEBE70007F5B5D /* RxGugudan.app */;
			productType = "com.apple.product-type.application";
		};
/* End PBXNativeTarget section */

/* Begin PBXProject section */
		D7697A1F1FCEBE70007F5B5D /* Project object */ = {
			isa = PBXProject;
			attributes = {
				LastSwiftUpdateCheck = 0910;
				LastUpgradeCheck = 0910;
				ORGANIZATIONNAME = rxswift;
				TargetAttributes = {
					D7697A261FCEBE70007F5B5D = {
						CreatedOnToolsVersion = 9.1;
						ProvisioningStyle = Automatic;
					};
				};
			};
			buildConfigurationList = D7697A221FCEBE70007F5B5D /* Build configuration list for PBXProject "RxGugudan" */;
			compatibilityVersion = "Xcode 8.0";
			developmentRegion = en;
			hasScannedForEncodings = 0;
			knownRegions = (
				en,
				Base,
			);
			mainGroup = D7697A1E1FCEBE6F007F5B5D;
			productRefGroup = D7697A281FCEBE70007F5B5D /* Products */;
			projectDirPath = "";
			projectRoot = "";
			targets = (
				D7697A261FCEBE70007F5B5D /* RxGugudan */,
			);
		};
/* End PBXProject section */

/* Begin PBXResourcesBuildPhase section */
		D7697A251FCEBE70007F5B5D /* Resources */ = {
			isa = PBXResourcesBuildPhase;
			buildActionMask = 2147483647;
			files = (
				D7697A351FCEBE70007F5B5D /* LaunchScreen.storyboard in Resources */,
				D7697A321FCEBE70007F5B5D /* Assets.xcassets in Resources */,
				D7697A301FCEBE70007F5B5D /* Main.storyboard in Resources */,
			);
			runOnlyForDeploymentPostprocessing = 0;
		};
/* End PBXResourcesBuildPhase section */

/* Begin PBXShellScriptBuildPhase section */
		4C76E8D751D6A601F18E163B /* [CP] Check Pods Manifest.lock */ = {
			isa = PBXShellScriptBuildPhase;
			buildActionMask = 2147483647;
			files = (
			);
			inputPaths = (
				"${PODS_PODFILE_DIR_PATH}/Podfile.lock",
				"${PODS_ROOT}/Manifest.lock",
			);
			name = "[CP] Check Pods Manifest.lock";
			outputPaths = (
				"$(DERIVED_FILE_DIR)/Pods-RxGugudan-checkManifestLockResult.txt",
			);
			runOnlyForDeploymentPostprocessing = 0;
			shellPath = /bin/sh;
			shellScript = "diff \"${PODS_PODFILE_DIR_PATH}/Podfile.lock\" \"${PODS_ROOT}/Manifest.lock\" > /dev/null\nif [ $? != 0 ] ; then\n    # print error to STDERR\n    echo \"error: The sandbox is not in sync with the Podfile.lock. Run 'pod install' or update your CocoaPods installation.\" >&2\n    exit 1\nfi\n# This output is used by Xcode 'outputs' to avoid re-running this script phase.\necho \"SUCCESS\" > \"${SCRIPT_OUTPUT_FILE_0}\"\n";
			showEnvVarsInLog = 0;
		};
		50B43059DFF50549BB898EA9 /* [CP] Copy Pods Resources */ = {
			isa = PBXShellScriptBuildPhase;
			buildActionMask = 2147483647;
			files = (
			);
			inputPaths = (
			);
			name = "[CP] Copy Pods Resources";
			outputPaths = (
			);
			runOnlyForDeploymentPostprocessing = 0;
			shellPath = /bin/sh;
			shellScript = "\"${SRCROOT}/Pods/Target Support Files/Pods-RxGugudan/Pods-RxGugudan-resources.sh\"\n";
			showEnvVarsInLog = 0;
		};
		B58784F6B6359626AEE560D1 /* [CP] Embed Pods Frameworks */ = {
			isa = PBXShellScriptBuildPhase;
			buildActionMask = 2147483647;
			files = (
			);
			inputPaths = (
				"${SRCROOT}/Pods/Target Support Files/Pods-RxGugudan/Pods-RxGugudan-frameworks.sh",
				"${BUILT_PRODUCTS_DIR}/RxCocoa/RxCocoa.framework",
				"${BUILT_PRODUCTS_DIR}/RxSwift/RxSwift.framework",
			);
			name = "[CP] Embed Pods Frameworks";
			outputPaths = (
				"${TARGET_BUILD_DIR}/${FRAMEWORKS_FOLDER_PATH}/RxCocoa.framework",
				"${TARGET_BUILD_DIR}/${FRAMEWORKS_FOLDER_PATH}/RxSwift.framework",
			);
			runOnlyForDeploymentPostprocessing = 0;
			shellPath = /bin/sh;
			shellScript = "\"${SRCROOT}/Pods/Target Support Files/Pods-RxGugudan/Pods-RxGugudan-frameworks.sh\"\n";
			showEnvVarsInLog = 0;
		};
/* End PBXShellScriptBuildPhase section */

/* Begin PBXSourcesBuildPhase section */
		D7697A231FCEBE70007F5B5D /* Sources */ = {
			isa = PBXSourcesBuildPhase;
			buildActionMask = 2147483647;
			files = (
				D7697A2D1FCEBE70007F5B5D /* ViewController.swift in Sources */,
				D7697A2B1FCEBE70007F5B5D /* AppDelegate.swift in Sources */,
			);
			runOnlyForDeploymentPostprocessing = 0;
		};
/* End PBXSourcesBuildPhase section */

/* Begin PBXVariantGroup section */
		D7697A2E1FCEBE70007F5B5D /* Main.storyboard */ = {
			isa = PBXVariantGroup;
			children = (
				D7697A2F1FCEBE70007F5B5D /* Base */,
			);
			name = Main.storyboard;
			sourceTree = "<group>";
		};
		D7697A331FCEBE70007F5B5D /* LaunchScreen.storyboard */ = {
			isa = PBXVariantGroup;
			children = (
				D7697A341FCEBE70007F5B5D /* Base */,
			);
			name = LaunchScreen.storyboard;
			sourceTree = "<group>";
		};
/* End PBXVariantGroup section */

/* Begin XCBuildConfiguration section */
		D7697A371FCEBE70007F5B5D /* Debug */ = {
			isa = XCBuildConfiguration;
			buildSettings = {
				ALWAYS_SEARCH_USER_PATHS = NO;
				CLANG_ANALYZER_NONNULL = YES;
				CLANG_ANALYZER_NUMBER_OBJECT_CONVERSION = YES_AGGRESSIVE;
				CLANG_CXX_LANGUAGE_STANDARD = "gnu++14";
				CLANG_CXX_LIBRARY = "libc++";
				CLANG_ENABLE_MODULES = YES;
				CLANG_ENABLE_OBJC_ARC = YES;
				CLANG_WARN_BLOCK_CAPTURE_AUTORELEASING = YES;
				CLANG_WARN_BOOL_CONVERSION = YES;
				CLANG_WARN_COMMA = YES;
				CLANG_WARN_CONSTANT_CONVERSION = YES;
				CLANG_WARN_DIRECT_OBJC_ISA_USAGE = YES_ERROR;
				CLANG_WARN_DOCUMENTATION_COMMENTS = YES;
				CLANG_WARN_EMPTY_BODY = YES;
				CLANG_WARN_ENUM_CONVERSION = YES;
				CLANG_WARN_INFINITE_RECURSION = YES;
				CLANG_WARN_INT_CONVERSION = YES;
				CLANG_WARN_NON_LITERAL_NULL_CONVERSION = YES;
				CLANG_WARN_OBJC_LITERAL_CONVERSION = YES;
				CLANG_WARN_OBJC_ROOT_CLASS = YES_ERROR;
				CLANG_WARN_RANGE_LOOP_ANALYSIS = YES;
				CLANG_WARN_STRICT_PROTOTYPES = YES;
				CLANG_WARN_SUSPICIOUS_MOVE = YES;
				CLANG_WARN_UNGUARDED_AVAILABILITY = YES_AGGRESSIVE;
				CLANG_WARN_UNREACHABLE_CODE = YES;
				CLANG_WARN__DUPLICATE_METHOD_MATCH = YES;
				CODE_SIGN_IDENTITY = "iPhone Developer";
				COPY_PHASE_STRIP = NO;
				DEBUG_INFORMATION_FORMAT = dwarf;
				ENABLE_STRICT_OBJC_MSGSEND = YES;
				ENABLE_TESTABILITY = YES;
				GCC_C_LANGUAGE_STANDARD = gnu11;
				GCC_DYNAMIC_NO_PIC = NO;
				GCC_NO_COMMON_BLOCKS = YES;
				GCC_OPTIMIZATION_LEVEL = 0;
				GCC_PREPROCESSOR_DEFINITIONS = (
					"DEBUG=1",
					"$(inherited)",
				);
				GCC_WARN_64_TO_32_BIT_CONVERSION = YES;
				GCC_WARN_ABOUT_RETURN_TYPE = YES_ERROR;
				GCC_WARN_UNDECLARED_SELECTOR = YES;
				GCC_WARN_UNINITIALIZED_AUTOS = YES_AGGRESSIVE;
				GCC_WARN_UNUSED_FUNCTION = YES;
				GCC_WARN_UNUSED_VARIABLE = YES;
				IPHONEOS_DEPLOYMENT_TARGET = 11.1;
				MTL_ENABLE_DEBUG_INFO = YES;
				ONLY_ACTIVE_ARCH = YES;
				SDKROOT = iphoneos;
				SWIFT_ACTIVE_COMPILATION_CONDITIONS = DEBUG;
				SWIFT_OPTIMIZATION_LEVEL = "-Onone";
			};
			name = Debug;
		};
		D7697A381FCEBE70007F5B5D /* Release */ = {
			isa = XCBuildConfiguration;
			buildSettings = {
				ALWAYS_SEARCH_USER_PATHS = NO;
				CLANG_ANALYZER_NONNULL = YES;
				CLANG_ANALYZER_NUMBER_OBJECT_CONVERSION = YES_AGGRESSIVE;
				CLANG_CXX_LANGUAGE_STANDARD = "gnu++14";
				CLANG_CXX_LIBRARY = "libc++";
				CLANG_ENABLE_MODULES = YES;
				CLANG_ENABLE_OBJC_ARC = YES;
				CLANG_WARN_BLOCK_CAPTURE_AUTORELEASING = YES;
				CLANG_WARN_BOOL_CONVERSION = YES;
				CLANG_WARN_COMMA = YES;
				CLANG_WARN_CONSTANT_CONVERSION = YES;
				CLANG_WARN_DIRECT_OBJC_ISA_USAGE = YES_ERROR;
				CLANG_WARN_DOCUMENTATION_COMMENTS = YES;
				CLANG_WARN_EMPTY_BODY = YES;
				CLANG_WARN_ENUM_CONVERSION = YES;
				CLANG_WARN_INFINITE_RECURSION = YES;
				CLANG_WARN_INT_CONVERSION = YES;
				CLANG_WARN_NON_LITERAL_NULL_CONVERSION = YES;
				CLANG_WARN_OBJC_LITERAL_CONVERSION = YES;
				CLANG_WARN_OBJC_ROOT_CLASS = YES_ERROR;
				CLANG_WARN_RANGE_LOOP_ANALYSIS = YES;
				CLANG_WARN_STRICT_PROTOTYPES = YES;
				CLANG_WARN_SUSPICIOUS_MOVE = YES;
				CLANG_WARN_UNGUARDED_AVAILABILITY = YES_AGGRESSIVE;
				CLANG_WARN_UNREACHABLE_CODE = YES;
				CLANG_WARN__DUPLICATE_METHOD_MATCH = YES;
				CODE_SIGN_IDENTITY = "iPhone Developer";
				COPY_PHASE_STRIP = NO;
				DEBUG_INFORMATION_FORMAT = "dwarf-with-dsym";
				ENABLE_NS_ASSERTIONS = NO;
				ENABLE_STRICT_OBJC_MSGSEND = YES;
				GCC_C_LANGUAGE_STANDARD = gnu11;
				GCC_NO_COMMON_BLOCKS = YES;
				GCC_WARN_64_TO_32_BIT_CONVERSION = YES;
				GCC_WARN_ABOUT_RETURN_TYPE = YES_ERROR;
				GCC_WARN_UNDECLARED_SELECTOR = YES;
				GCC_WARN_UNINITIALIZED_AUTOS = YES_AGGRESSIVE;
				GCC_WARN_UNUSED_FUNCTION = YES;
				GCC_WARN_UNUSED_VARIABLE = YES;
				IPHONEOS_DEPLOYMENT_TARGET = 11.1;
				MTL_ENABLE_DEBUG_INFO = NO;
				SDKROOT = iphoneos;
				SWIFT_OPTIMIZATION_LEVEL = "-Owholemodule";
				VALIDATE_PRODUCT = YES;
			};
			name = Release;
		};
		D7697A3A1FCEBE70007F5B5D /* Debug */ = {
			isa = XCBuildConfiguration;
			baseConfigurationReference = A001B24A0104A77AFAAB94CE /* Pods-RxGugudan.debug.xcconfig */;
			buildSettings = {
				ASSETCATALOG_COMPILER_APPICON_NAME = AppIcon;
				CODE_SIGN_STYLE = Automatic;
				INFOPLIST_FILE = RxGugudan/Info.plist;
				LD_RUNPATH_SEARCH_PATHS = "$(inherited) @executable_path/Frameworks";
				PRODUCT_BUNDLE_IDENTIFIER = com.fastcampus.rxswift.RxGugudan;
				PRODUCT_NAME = "$(TARGET_NAME)";
				SWIFT_VERSION = 4.0;
				TARGETED_DEVICE_FAMILY = "1,2";
			};
			name = Debug;
		};
		D7697A3B1FCEBE70007F5B5D /* Release */ = {
			isa = XCBuildConfiguration;
			baseConfigurationReference = 650F227DF5A561594B8ECC8D /* Pods-RxGugudan.release.xcconfig */;
			buildSettings = {
				ASSETCATALOG_COMPILER_APPICON_NAME = AppIcon;
				CODE_SIGN_STYLE = Automatic;
				INFOPLIST_FILE = RxGugudan/Info.plist;
				LD_RUNPATH_SEARCH_PATHS = "$(inherited) @executable_path/Frameworks";
				PRODUCT_BUNDLE_IDENTIFIER = com.fastcampus.rxswift.RxGugudan;
				PRODUCT_NAME = "$(TARGET_NAME)";
				SWIFT_VERSION = 4.0;
				TARGETED_DEVICE_FAMILY = "1,2";
			};
			name = Release;
		};
/* End XCBuildConfiguration section */

/* Begin XCConfigurationList section */
		D7697A221FCEBE70007F5B5D /* Build configuration list for PBXProject "RxGugudan" */ = {
			isa = XCConfigurationList;
			buildConfigurations = (
				D7697A371FCEBE70007F5B5D /* Debug */,
				D7697A381FCEBE70007F5B5D /* Release */,
			);
			defaultConfigurationIsVisible = 0;
			defaultConfigurationName = Release;
		};
		D7697A391FCEBE70007F5B5D /* Build configuration list for PBXNativeTarget "RxGugudan" */ = {
			isa = XCConfigurationList;
			buildConfigurations = (
				D7697A3A1FCEBE70007F5B5D /* Debug */,
				D7697A3B1FCEBE70007F5B5D /* Release */,
			);
			defaultConfigurationIsVisible = 0;
			defaultConfigurationName = Release;
		};
/* End XCConfigurationList section */
	};
	rootObject = D7697A1F1FCEBE70007F5B5D /* Project object */;
}
